
Microsoft Visual Studio Solution File, Format Version 12.00
Project("{2150E333-8FDC-42A3-9474-1A3956D46DE8}") = "doc", "doc", "{CF099E94-B0F0-4F7E-BBEF-93F855239DE7}"
	ProjectSection(SolutionItems) = preProject
		README.md = README.md
	EndProjectSection
EndProject
Project("{2150E333-8FDC-42A3-9474-1A3956D46DE8}") = "server", "server", "{3579D3F9-D7F6-408B-9109-6D40BD79033A}"
EndProject
Project("{2150E333-8FDC-42A3-9474-1A3956D46DE8}") = "agent", "agent", "{32B20FA6-C829-46B3-8C19-34A7832D61F4}"
EndProject
Project("{FAE04EC0-301F-11D3-BF4B-00C04F79EFBC}") = "LightDeploy.Api", "server\LightDeploy.Api\LightDeploy.Api.csproj", "{EA46E546-EF0A-46C1-89D8-4240B41CED3D}"
EndProject
Project("{FAE04EC0-301F-11D3-BF4B-00C04F79EFBC}") = "LightDeploy.Core", "server\LightDeploy.Core\LightDeploy.Core.csproj", "{541ACA2B-8FCE-49FE-A2DF-C6382C426FE9}"
EndProject
Project("{FAE04EC0-301F-11D3-BF4B-00C04F79EFBC}") = "LightDeploy.Domain", "server\LightDeploy.Domain\LightDeploy.Domain.csproj", "{0FBA5A7F-67AE-4CBD-AD29-046231545143}"
EndProject
Project("{FAE04EC0-301F-11D3-BF4B-00C04F79EFBC}") = "LightDeploy.Service", "server\LightDeploy.Service\LightDeploy.Service.csproj", "{5549B4CC-805A-4F16-B67A-7A3654E007FC}"
EndProject
Project("{FAE04EC0-301F-11D3-BF4B-00C04F79EFBC}") = "LightDeploy.ClientAgent", "agent\LightDeploy.ClientAgent\LightDeploy.ClientAgent.csproj", "{C12B9A56-480A-4157-B001-088B58CAB709}"
EndProject
Project("{FAE04EC0-301F-11D3-BF4B-00C04F79EFBC}") = "LightDeploy.UpdateService", "agent\LightDeploy.UpdateService\LightDeploy.UpdateService.csproj", "{8E74CE11-320A-4C79-8638-858F2D044D4E}"
EndProject
Project("{FAE04EC0-301F-11D3-BF4B-00C04F79EFBC}") = "LightDeploy.DeployCli", "agent\LightDeploy.DeployCli\LightDeploy.DeployCli.csproj", "{EB411A0B-87F6-4B10-B4E9-A4712A335A87}"
EndProject
Project("{2150E333-8FDC-42A3-9474-1A3956D46DE8}") = "app", "app", "{3FA2DF97-EBCC-4A82-9DC2-EFA88839C246}"
EndProject
Project("{FAE04EC0-301F-11D3-BF4B-00C04F79EFBC}") = "LightDeployApp", "app\LightDeployApp\LightDeployApp.csproj", "{8CF93212-DB33-4232-8BC2-6F8A1A0EFF7B}"
EndProject
Project("{FAE04EC0-301F-11D3-BF4B-00C04F79EFBC}") = "LightDeploy.Test", "server\LightDeploy.Test\LightDeploy.Test.csproj", "{F1505797-8776-408D-84AE-9A6B5F611DD7}"
EndProject
Global
	GlobalSection(SolutionConfigurationPlatforms) = preSolution
		Debug|Any CPU = Debug|Any CPU
		Release|Any CPU = Release|Any CPU
	EndGlobalSection
	GlobalSection(ProjectConfigurationPlatforms) = postSolution
		{EA46E546-EF0A-46C1-89D8-4240B41CED3D}.Debug|Any CPU.ActiveCfg = Debug|Any CPU
		{EA46E546-EF0A-46C1-89D8-4240B41CED3D}.Debug|Any CPU.Build.0 = Debug|Any CPU
		{EA46E546-EF0A-46C1-89D8-4240B41CED3D}.Release|Any CPU.ActiveCfg = Release|Any CPU
		{EA46E546-EF0A-46C1-89D8-4240B41CED3D}.Release|Any CPU.Build.0 = Release|Any CPU
		{541ACA2B-8FCE-49FE-A2DF-C6382C426FE9}.Debug|Any CPU.ActiveCfg = Debug|Any CPU
		{541ACA2B-8FCE-49FE-A2DF-C6382C426FE9}.Debug|Any CPU.Build.0 = Debug|Any CPU
		{541ACA2B-8FCE-49FE-A2DF-C6382C426FE9}.Release|Any CPU.ActiveCfg = Release|Any CPU
		{541ACA2B-8FCE-49FE-A2DF-C6382C426FE9}.Release|Any CPU.Build.0 = Release|Any CPU
		{0FBA5A7F-67AE-4CBD-AD29-046231545143}.Debug|Any CPU.ActiveCfg = Debug|Any CPU
		{0FBA5A7F-67AE-4CBD-AD29-046231545143}.Debug|Any CPU.Build.0 = Debug|Any CPU
		{0FBA5A7F-67AE-4CBD-AD29-046231545143}.Release|Any CPU.ActiveCfg = Release|Any CPU
		{0FBA5A7F-67AE-4CBD-AD29-046231545143}.Release|Any CPU.Build.0 = Release|Any CPU
		{5549B4CC-805A-4F16-B67A-7A3654E007FC}.Debug|Any CPU.ActiveCfg = Debug|Any CPU
		{5549B4CC-805A-4F16-B67A-7A3654E007FC}.Debug|Any CPU.Build.0 = Debug|Any CPU
		{5549B4CC-805A-4F16-B67A-7A3654E007FC}.Release|Any CPU.ActiveCfg = Release|Any CPU
		{5549B4CC-805A-4F16-B67A-7A3654E007FC}.Release|Any CPU.Build.0 = Release|Any CPU
		{C12B9A56-480A-4157-B001-088B58CAB709}.Debug|Any CPU.ActiveCfg = Debug|Any CPU
		{C12B9A56-480A-4157-B001-088B58CAB709}.Debug|Any CPU.Build.0 = Debug|Any CPU
		{C12B9A56-480A-4157-B001-088B58CAB709}.Release|Any CPU.ActiveCfg = Release|Any CPU
		{C12B9A56-480A-4157-B001-088B58CAB709}.Release|Any CPU.Build.0 = Release|Any CPU
		{8E74CE11-320A-4C79-8638-858F2D044D4E}.Debug|Any CPU.ActiveCfg = Debug|Any CPU
		{8E74CE11-320A-4C79-8638-858F2D044D4E}.Debug|Any CPU.Build.0 = Debug|Any CPU
		{8E74CE11-320A-4C79-8638-858F2D044D4E}.Release|Any CPU.ActiveCfg = Release|Any CPU
		{8E74CE11-320A-4C79-8638-858F2D044D4E}.Release|Any CPU.Build.0 = Release|Any CPU
		{EB411A0B-87F6-4B10-B4E9-A4712A335A87}.Debug|Any CPU.ActiveCfg = Debug|Any CPU
		{EB411A0B-87F6-4B10-B4E9-A4712A335A87}.Debug|Any CPU.Build.0 = Debug|Any CPU
		{EB411A0B-87F6-4B10-B4E9-A4712A335A87}.Release|Any CPU.ActiveCfg = Release|Any CPU
		{EB411A0B-87F6-4B10-B4E9-A4712A335A87}.Release|Any CPU.Build.0 = Release|Any CPU
		{8CF93212-DB33-4232-8BC2-6F8A1A0EFF7B}.Debug|Any CPU.ActiveCfg = Debug|Any CPU
		{8CF93212-DB33-4232-8BC2-6F8A1A0EFF7B}.Debug|Any CPU.Build.0 = Debug|Any CPU
		{8CF93212-DB33-4232-8BC2-6F8A1A0EFF7B}.Release|Any CPU.ActiveCfg = Release|Any CPU
		{8CF93212-DB33-4232-8BC2-6F8A1A0EFF7B}.Release|Any CPU.Build.0 = Release|Any CPU
		{F1505797-8776-408D-84AE-9A6B5F611DD7}.Debug|Any CPU.ActiveCfg = Debug|Any CPU
		{F1505797-8776-408D-84AE-9A6B5F611DD7}.Debug|Any CPU.Build.0 = Debug|Any CPU
		{F1505797-8776-408D-84AE-9A6B5F611DD7}.Release|Any CPU.ActiveCfg = Release|Any CPU
		{F1505797-8776-408D-84AE-9A6B5F611DD7}.Release|Any CPU.Build.0 = Release|Any CPU
	EndGlobalSection
	GlobalSection(NestedProjects) = preSolution
		{EA46E546-EF0A-46C1-89D8-4240B41CED3D} = {3579D3F9-D7F6-408B-9109-6D40BD79033A}
		{541ACA2B-8FCE-49FE-A2DF-C6382C426FE9} = {3579D3F9-D7F6-408B-9109-6D40BD79033A}
		{0FBA5A7F-67AE-4CBD-AD29-046231545143} = {3579D3F9-D7F6-408B-9109-6D40BD79033A}
		{5549B4CC-805A-4F16-B67A-7A3654E007FC} = {3579D3F9-D7F6-408B-9109-6D40BD79033A}
		{C12B9A56-480A-4157-B001-088B58CAB709} = {32B20FA6-C829-46B3-8C19-34A7832D61F4}
		{8E74CE11-320A-4C79-8638-858F2D044D4E} = {32B20FA6-C829-46B3-8C19-34A7832D61F4}
		{EB411A0B-87F6-4B10-B4E9-A4712A335A87} = {32B20FA6-C829-46B3-8C19-34A7832D61F4}
		{8CF93212-DB33-4232-8BC2-6F8A1A0EFF7B} = {3FA2DF97-EBCC-4A82-9DC2-EFA88839C246}
		{F1505797-8776-408D-84AE-9A6B5F611DD7} = {3579D3F9-D7F6-408B-9109-6D40BD79033A}
	EndGlobalSection
EndGlobal
