
Microsoft Visual Studio Solution File, Format Version 12.00
Project("{2150E333-8FDC-42A3-9474-1A3956D46DE8}") = "doc", "doc", "{CF099E94-B0F0-4F7E-BBEF-93F855239DE7}"
	ProjectSection(SolutionItems) = preProject
		README.md = README.md
	EndProjectSection
EndProject
Project("{2150E333-8FDC-42A3-9474-1A3956D46DE8}") = "agent", "agent", "{32B20FA6-C829-46B3-8C19-34A7832D61F4}"
EndProject
Project("{FAE04EC0-301F-11D3-BF4B-00C04F79EFBC}") = "LightDeploy.ClientAgent", "agent\LightDeploy.ClientAgent\LightDeploy.ClientAgent.csproj", "{C12B9A56-480A-4157-B001-088B58CAB709}"
EndProject
Project("{FAE04EC0-301F-11D3-BF4B-00C04F79EFBC}") = "LightDeploy.UpdateService", "agent\LightDeploy.UpdateService\LightDeploy.UpdateService.csproj", "{8E74CE11-320A-4C79-8638-858F2D044D4E}"
EndProject
Project("{2150E333-8FDC-42A3-9474-1A3956D46DE8}") = "blazor_server", "blazor_server", "{14E78D83-D74E-40BD-9FDE-17CD3316A858}"
EndProject
Project("{FAE04EC0-301F-11D3-BF4B-00C04F79EFBC}") = "LightDeploy.Server", "LightDeploy.Server\LightDeploy.Server.csproj", "{C51AC4B1-9F47-48CE-A0B7-BAA9DE1BE011}"
EndProject
Project("{2150E333-8FDC-42A3-9474-1A3956D46DE8}") = "common", "common", "{625C7251-D9CC-422E-9CAD-E50524F931F7}"
EndProject
Project("{FAE04EC0-301F-11D3-BF4B-00C04F79EFBC}") = "LightDeploy.Common", "LightDeploy.Common\LightDeploy.Common.csproj", "{550B52A0-3DEC-4D10-93F0-666A57FE4D8F}"
EndProject
Project("{2150E333-8FDC-42A3-9474-1A3956D46DE8}") = "demo", "demo", "{2B80718A-2A6E-4462-9E14-61C439357713}"
EndProject
Project("{FAE04EC0-301F-11D3-BF4B-00C04F79EFBC}") = "LightApi.SampleWeb", "LightApi.SampleWeb\LightApi.SampleWeb.csproj", "{82698B34-3925-480B-BC9E-47B65F6B6AEA}"
EndProject
Global
	GlobalSection(SolutionConfigurationPlatforms) = preSolution
		Debug|Any CPU = Debug|Any CPU
		Release|Any CPU = Release|Any CPU
	EndGlobalSection
	GlobalSection(ProjectConfigurationPlatforms) = postSolution
		{C12B9A56-480A-4157-B001-088B58CAB709}.Debug|Any CPU.ActiveCfg = Debug|Any CPU
		{C12B9A56-480A-4157-B001-088B58CAB709}.Debug|Any CPU.Build.0 = Debug|Any CPU
		{C12B9A56-480A-4157-B001-088B58CAB709}.Release|Any CPU.ActiveCfg = Release|Any CPU
		{C12B9A56-480A-4157-B001-088B58CAB709}.Release|Any CPU.Build.0 = Release|Any CPU
		{8E74CE11-320A-4C79-8638-858F2D044D4E}.Debug|Any CPU.ActiveCfg = Debug|Any CPU
		{8E74CE11-320A-4C79-8638-858F2D044D4E}.Debug|Any CPU.Build.0 = Debug|Any CPU
		{8E74CE11-320A-4C79-8638-858F2D044D4E}.Release|Any CPU.ActiveCfg = Release|Any CPU
		{8E74CE11-320A-4C79-8638-858F2D044D4E}.Release|Any CPU.Build.0 = Release|Any CPU
		{C51AC4B1-9F47-48CE-A0B7-BAA9DE1BE011}.Debug|Any CPU.ActiveCfg = Debug|Any CPU
		{C51AC4B1-9F47-48CE-A0B7-BAA9DE1BE011}.Debug|Any CPU.Build.0 = Debug|Any CPU
		{C51AC4B1-9F47-48CE-A0B7-BAA9DE1BE011}.Release|Any CPU.ActiveCfg = Release|Any CPU
		{C51AC4B1-9F47-48CE-A0B7-BAA9DE1BE011}.Release|Any CPU.Build.0 = Release|Any CPU
		{550B52A0-3DEC-4D10-93F0-666A57FE4D8F}.Debug|Any CPU.ActiveCfg = Debug|Any CPU
		{550B52A0-3DEC-4D10-93F0-666A57FE4D8F}.Debug|Any CPU.Build.0 = Debug|Any CPU
		{550B52A0-3DEC-4D10-93F0-666A57FE4D8F}.Release|Any CPU.ActiveCfg = Release|Any CPU
		{550B52A0-3DEC-4D10-93F0-666A57FE4D8F}.Release|Any CPU.Build.0 = Release|Any CPU
		{82698B34-3925-480B-BC9E-47B65F6B6AEA}.Debug|Any CPU.ActiveCfg = Debug|Any CPU
		{82698B34-3925-480B-BC9E-47B65F6B6AEA}.Debug|Any CPU.Build.0 = Debug|Any CPU
		{82698B34-3925-480B-BC9E-47B65F6B6AEA}.Release|Any CPU.ActiveCfg = Release|Any CPU
		{82698B34-3925-480B-BC9E-47B65F6B6AEA}.Release|Any CPU.Build.0 = Release|Any CPU
	EndGlobalSection
	GlobalSection(NestedProjects) = preSolution
		{C12B9A56-480A-4157-B001-088B58CAB709} = {32B20FA6-C829-46B3-8C19-34A7832D61F4}
		{8E74CE11-320A-4C79-8638-858F2D044D4E} = {32B20FA6-C829-46B3-8C19-34A7832D61F4}
		{C51AC4B1-9F47-48CE-A0B7-BAA9DE1BE011} = {14E78D83-D74E-40BD-9FDE-17CD3316A858}
		{550B52A0-3DEC-4D10-93F0-666A57FE4D8F} = {625C7251-D9CC-422E-9CAD-E50524F931F7}
		{82698B34-3925-480B-BC9E-47B65F6B6AEA} = {2B80718A-2A6E-4462-9E14-61C439357713}
	EndGlobalSection
EndGlobal
